
Microsoft Visual Studio Solution File, Format Version 12.00
# Visual Studio Version 16
VisualStudioVersion = 16.0.808.0
MinimumVisualStudioVersion = 10.0.40219.1
Project("{FAE04EC0-301F-11D3-BF4B-00C04F79EFBC}") = "AwsDotnetCsharp", "AwsDotnetCsharp.csproj", "{9EB10654-64DA-4215-B1FD-FBDF3DAC9677}"
EndProject
Global
	GlobalSection(SolutionConfigurationPlatforms) = preSolution
		Debug|Any CPU = Debug|Any CPU
		Release|Any CPU = Release|Any CPU
	EndGlobalSection
	GlobalSection(ProjectConfigurationPlatforms) = postSolution
		{9EB10654-64DA-4215-B1FD-FBDF3DAC9677}.Debug|Any CPU.ActiveCfg = Debug|Any CPU
		{9EB10654-64DA-4215-B1FD-FBDF3DAC9677}.Debug|Any CPU.Build.0 = Debug|Any CPU
		{9EB10654-64DA-4215-B1FD-FBDF3DAC9677}.Release|Any CPU.ActiveCfg = Release|Any CPU
		{9EB10654-64DA-4215-B1FD-FBDF3DAC9677}.Release|Any CPU.Build.0 = Release|Any CPU
	EndGlobalSection
	GlobalSection(SolutionProperties) = preSolution
		HideSolutionNode = FALSE
	EndGlobalSection
	GlobalSection(ExtensibilityGlobals) = postSolution
		SolutionGuid = {14C51964-EBD3-4A4C-BEDF-496221E35C79}
	EndGlobalSection
EndGlobal
